
Microsoft Visual Studio Solution File, Format Version 12.00
# Visual Studio Version 16
VisualStudioVersion = 16.0.33027.164
MinimumVisualStudioVersion = 10.0.40219.1
Project("{FAE04EC0-301F-11D3-BF4B-00C04F79EFBC}") = "StockManagementSystem", "StockManagementSystem.csproj", "{AF02B75C-A237-4111-B9BE-ED8065A48811}"
EndProject
Global
	GlobalSection(SolutionConfigurationPlatforms) = preSolution
		Debug|Any CPU = Debug|Any CPU
		Release|Any CPU = Release|Any CPU
	EndGlobalSection
	GlobalSection(ProjectConfigurationPlatforms) = postSolution
		{AF02B75C-A237-4111-B9BE-ED8065A48811}.Debug|Any CPU.ActiveCfg = Debug|Any CPU
		{AF02B75C-A237-4111-B9BE-ED8065A48811}.Debug|Any CPU.Build.0 = Debug|Any CPU
		{AF02B75C-A237-4111-B9BE-ED8065A48811}.Release|Any CPU.ActiveCfg = Release|Any CPU
		{AF02B75C-A237-4111-B9BE-ED8065A48811}.Release|Any CPU.Build.0 = Release|Any CPU
	EndGlobalSection
	GlobalSection(SolutionProperties) = preSolution
		HideSolutionNode = FALSE
	EndGlobalSection
	GlobalSection(ExtensibilityGlobals) = postSolution
		SolutionGuid = {AC5F8CAF-5D69-4A06-B92F-7088A9989A9E}
	EndGlobalSection
EndGlobal
